dependencies:
  aht30:
    dependencies:
    - name: idf
      version: '>=5.2'
    - name: espressif/sensor_hub
      public: true
      version: ^0.1.4
    source:
      path: /Users/electron/Documents/Lelectron_rare/1-KXKM/KXKM_Batterie_Parallelator/external/esp-bsp/components/sensors/aht30
      type: local
    version: 1.0.0
  esp_lcd_ili9341:
    dependencies:
    - name: idf
      version: '>=5.2'
    - name: espressif/cmake_utilities
      version: 0.*
    source:
      path: /Users/electron/Documents/Lelectron_rare/1-KXKM/KXKM_Batterie_Parallelator/external/esp-bsp/components/lcd/esp_lcd_ili9341
      type: local
    version: 2.0.2
  esp_lcd_touch:
    dependencies:
    - name: idf
      version: '>=5.2'
    source:
      path: /Users/electron/Documents/Lelectron_rare/1-KXKM/KXKM_Batterie_Parallelator/external/esp-bsp/components/lcd_touch/esp_lcd_touch
      type: local
    version: 1.2.1
  esp_lcd_touch_gt911:
    dependencies:
    - name: idf
      version: '>=5.2'
    - name: esp_lcd_touch
      override_path: ../esp_lcd_touch
      public: true
      version: ^1.2.0
    source:
      path: /Users/electron/Documents/Lelectron_rare/1-KXKM/KXKM_Batterie_Parallelator/external/esp-bsp/components/lcd_touch/esp_lcd_touch_gt911
      type: local
    version: 1.2.0~2
  esp_lcd_touch_tt21100:
    dependencies:
    - name: idf
      version: '>=5.2'
    - name: esp_lcd_touch
      override_path: ../esp_lcd_touch
      public: true
      version: ^1.2.0
    source:
      path: /Users/electron/Documents/Lelectron_rare/1-KXKM/KXKM_Batterie_Parallelator/external/esp-bsp/components/lcd_touch/esp_lcd_touch_tt21100
      type: local
    version: 1.2.0~1
  espressif/button:
    component_hash: d0afa32f0e50d60bc0c6fc23f7eea98adc6b02cfe70b590bc52c23c506745287
    dependencies:
    - name: espressif/cmake_utilities
      registry_url: https://components.espressif.com
      require: private
      version: '*'
    - name: idf
      require: private
      version: '>=4.0'
    source:
      registry_url: https://components.espressif.com/
      type: service
    version: 4.1.6
  espressif/cjson:
    component_hash: 002c6d1872ee4c97d333938ebe107a29841cc847f9de89e676714bd2844057ea
    dependencies:
    - name: idf
      require: private
      version: '>=5.0'
    source:
      registry_url: https://components.espressif.com/
      type: service
    version: 1.7.19~1
  espressif/cmake_utilities:
    component_hash: 351350613ceafba240b761b4ea991e0f231ac7a9f59a9ee901f751bddc0bb18f
    dependencies:
    - name: idf
      require: private
      version: '>=4.1'
    source:
      registry_url: https://components.espressif.com/
      type: service
    version: 0.5.3
  espressif/esp-box-3:
    dependencies:
    - name: idf
      version: '>=5.3'
    - name: esp_lcd_touch_tt21100
      override_path: ../../components/lcd_touch/esp_lcd_touch_tt21100
      version: ^1
    - name: esp_lcd_touch_gt911
      override_path: ../../components/lcd_touch/esp_lcd_touch_gt911
      version: ^1
    - name: esp_lcd_ili9341
      override_path: ../../components/lcd/esp_lcd_ili9341
      version: ^2.0.1
    - name: espressif/esp_lvgl_port
      override_path: ../../components/esp_lvgl_port
      public: true
      version: ^2
    - name: espressif/esp_codec_dev
      public: true
      version: ~1.5
    - name: espressif/button
      public: true
      version: ^4
    - name: icm42670
      override_path: ../../components/sensors/icm42670
      public: true
      version: ^2.0.2
    - name: aht30
      override_path: ../../components/sensors/aht30
      version: ^1.0.0
    source:
      path: /Users/electron/Documents/Lelectron_rare/1-KXKM/KXKM_Batterie_Parallelator/external/esp-bsp/bsp/esp-box-3
      type: local
    targets:
    - esp32s3
    version: 3.2.0
  espressif/esp-nn:
    component_hash: f4633a02f05fef53b80de65ade1f733ebdef637e4c8b8be4eb11f5e27f6d9f3e
    dependencies:
    - name: idf
      require: private
      version: '>=4.2'
    source:
      registry_url: https://components.espressif.com
      type: service
    version: 1.1.2
  espressif/esp-tflite-micro:
    component_hash: 57aa3889d3c7b7a513f716c2cb8707476a5bf42971d63a6f6d38a5616d862e57
    dependencies:
    - name: espressif/esp-nn
      registry_url: https://components.espressif.com
      require: private
      version: '>=1.1.1'
    - name: idf
      require: private
      version: '>=5.0'
    source:
      registry_url: https://components.espressif.com/
      type: service
    version: 1.3.5
  espressif/esp_codec_dev:
    component_hash: d67021bdb3f619cebabdfabd4507d978dfa5cddf3ae8db4752b23843cf2cc2d9
    dependencies:
    - name: idf
      require: private
      version: '>=4.0'
    source:
      registry_url: https://components.espressif.com/
      type: service
    version: 1.5.6
  espressif/esp_lvgl_port:
    dependencies:
    - name: idf
      version: '>=5.2'
    - name: lvgl/lvgl
      public: true
      version: '>=8,<10'
    source:
      path: /Users/electron/Documents/Lelectron_rare/1-KXKM/KXKM_Batterie_Parallelator/external/esp-bsp/components/esp_lvgl_port
      type: local
    version: 2.7.2
  espressif/i2c_bus:
    component_hash: 804ec068d163570fd367b279a310ca383484630d2310c586b50def0bcf21de13
    dependencies:
    - name: espressif/cmake_utilities
      registry_url: https://components.espressif.com
      require: private
      version: '*'
    - name: idf
      require: private
      version: '>=4.0'
    source:
      registry_url: https://components.espressif.com
      type: service
    version: 1.5.1
  espressif/sensor_hub:
    component_hash: b3e72f3e2d10e165b972b17fff889f294b1a685769efacf73ec8f1e92152d1d5
    dependencies:
    - name: espressif/cmake_utilities
      registry_url: https://components.espressif.com
      require: private
      version: 0.*
    - name: espressif/i2c_bus
      registry_url: https://components.espressif.com
      require: public
      version: 1.*
    - name: idf
      require: private
      version: '>=4.4'
    source:
      registry_url: https://components.espressif.com/
      type: service
    version: 0.1.4
  icm42670:
    dependencies:
    - name: idf
      version: '>=5.2'
    - name: espressif/sensor_hub
      public: true
      version: ^0.1.4
    source:
      path: /Users/electron/Documents/Lelectron_rare/1-KXKM/KXKM_Batterie_Parallelator/external/esp-bsp/components/sensors/icm42670
      type: local
    version: 2.1.0
  idf:
    source:
      type: idf
    version: 5.4.0
  lvgl/lvgl:
    component_hash: 2a8f619b5c2b1c7ad116c33d43dae8989c76739068f406a7e8ba9221e1085f17
    dependencies: []
    source:
      registry_url: https://components.espressif.com/
      type: service
    version: 9.1.0
direct_dependencies:
- espressif/cjson
- espressif/esp-box-3
- espressif/esp-tflite-micro
- idf
- lvgl/lvgl
manifest_hash: 3d00518cc88e30aefe37b6b35dd8c7984bb6c42bc63ec4a888366683e32cee80
target: esp32s3
version: 2.0.0
